// !$*UTF8*$!
{
	archiveVersion = 1;
	classes = {
	};
	objectVersion = 46;
	objects = {

/* Begin PBXBuildFile section */
		FD6DDA611E0A84CF00781B25 /* main.m in Sources */ = {isa = PBXBuildFile; fileRef = FD6DDA601E0A84CF00781B25 /* main.m */; };
		FD6DDA641E0A84CF00781B25 /* AppDelegate.m in Sources */ = {isa = PBXBuildFile; fileRef = FD6DDA631E0A84CF00781B25 /* AppDelegate.m */; };
		FD6DDA671E0A84CF00781B25 /* MasterViewController.m in Sources */ = {isa = PBXBuildFile; fileRef = FD6DDA661E0A84CF00781B25 /* MasterViewController.m */; };
		FD6DDA6A1E0A84CF00781B25 /* DetailViewController.m in Sources */ = {isa = PBXBuildFile; fileRef = FD6DDA691E0A84CF00781B25 /* DetailViewController.m */; };
		FD6DDA6D1E0A84CF00781B25 /* Main.storyboard in Resources */ = {isa = PBXBuildFile; fileRef = FD6DDA6B1E0A84CF00781B25 /* Main.storyboard */; };
		FD6DDA6F1E0A84CF00781B25 /* Assets.xcassets in Resources */ = {isa = PBXBuildFile; fileRef = FD6DDA6E1E0A84CF00781B25 /* Assets.xcassets */; };
		FD6DDA721E0A84CF00781B25 /* LaunchScreen.storyboard in Resources */ = {isa = PBXBuildFile; fileRef = FD6DDA701E0A84CF00781B25 /* LaunchScreen.storyboard */; };
		FD6DDA7D1E0A84D000781B25 /* DubizzleTestTests.m in Sources */ = {isa = PBXBuildFile; fileRef = FD6DDA7C1E0A84D000781B25 /* DubizzleTestTests.m */; };
		FD6DDA881E0A84D000781B25 /* DubizzleTestUITests.m in Sources */ = {isa = PBXBuildFile; fileRef = FD6DDA871E0A84D000781B25 /* DubizzleTestUITests.m */; };
		FD6DDA9A1E0A88E200781B25 /* MovieListTVC.m in Sources */ = {isa = PBXBuildFile; fileRef = FD6DDA991E0A88E200781B25 /* MovieListTVC.m */; };
		FD6DDA9D1E0A8C6A00781B25 /* MovieListManager.m in Sources */ = {isa = PBXBuildFile; fileRef = FD6DDA9C1E0A8C6A00781B25 /* MovieListManager.m */; };
/* End PBXBuildFile section */

/* Begin PBXContainerItemProxy section */
		FD6DDA791E0A84D000781B25 /* PBXContainerItemProxy */ = {
			isa = PBXContainerItemProxy;
			containerPortal = FD6DDA541E0A84CF00781B25 /* Project object */;
			proxyType = 1;
			remoteGlobalIDString = FD6DDA5B1E0A84CF00781B25;
			remoteInfo = DubizzleTest;
		};
		FD6DDA841E0A84D000781B25 /* PBXContainerItemProxy */ = {
			isa = PBXContainerItemProxy;
			containerPortal = FD6DDA541E0A84CF00781B25 /* Project object */;
			proxyType = 1;
			remoteGlobalIDString = FD6DDA5B1E0A84CF00781B25;
			remoteInfo = DubizzleTest;
		};
/* End PBXContainerItemProxy section */

/* Begin PBXFileReference section */
		FD6DDA5C1E0A84CF00781B25 /* DubizzleTest.app */ = {isa = PBXFileReference; explicitFileType = wrapper.application; includeInIndex = 0; path = DubizzleTest.app; sourceTree = BUILT_PRODUCTS_DIR; };
		FD6DDA601E0A84CF00781B25 /* main.m */ = {isa = PBXFileReference; lastKnownFileType = sourcecode.c.objc; path = main.m; sourceTree = "<group>"; };
		FD6DDA621E0A84CF00781B25 /* AppDelegate.h */ = {isa = PBXFileReference; lastKnownFileType = sourcecode.c.h; path = AppDelegate.h; sourceTree = "<group>"; };
		FD6DDA631E0A84CF00781B25 /* AppDelegate.m */ = {isa = PBXFileReference; lastKnownFileType = sourcecode.c.objc; path = AppDelegate.m; sourceTree = "<group>"; };
		FD6DDA651E0A84CF00781B25 /* MasterViewController.h */ = {isa = PBXFileReference; lastKnownFileType = sourcecode.c.h; path = MasterViewController.h; sourceTree = "<group>"; };
		FD6DDA661E0A84CF00781B25 /* MasterViewController.m */ = {isa = PBXFileReference; lastKnownFileType = sourcecode.c.objc; path = MasterViewController.m; sourceTree = "<group>"; };
		FD6DDA681E0A84CF00781B25 /* DetailViewController.h */ = {isa = PBXFileReference; lastKnownFileType = sourcecode.c.h; path = DetailViewController.h; sourceTree = "<group>"; };
		FD6DDA691E0A84CF00781B25 /* DetailViewController.m */ = {isa = PBXFileReference; lastKnownFileType = sourcecode.c.objc; path = DetailViewController.m; sourceTree = "<group>"; };
		FD6DDA6C1E0A84CF00781B25 /* Base */ = {isa = PBXFileReference; lastKnownFileType = file.storyboard; name = Base; path = Base.lproj/Main.storyboard; sourceTree = "<group>"; };
		FD6DDA6E1E0A84CF00781B25 /* Assets.xcassets */ = {isa = PBXFileReference; lastKnownFileType = folder.assetcatalog; path = Assets.xcassets; sourceTree = "<group>"; };
		FD6DDA711E0A84CF00781B25 /* Base */ = {isa = PBXFileReference; lastKnownFileType = file.storyboard; name = Base; path = Base.lproj/LaunchScreen.storyboard; sourceTree = "<group>"; };
		FD6DDA731E0A84CF00781B25 /* Info.plist */ = {isa = PBXFileReference; lastKnownFileType = text.plist.xml; path = Info.plist; sourceTree = "<group>"; };
		FD6DDA781E0A84D000781B25 /* DubizzleTestTests.xctest */ = {isa = PBXFileReference; explicitFileType = wrapper.cfbundle; includeInIndex = 0; path = DubizzleTestTests.xctest; sourceTree = BUILT_PRODUCTS_DIR; };
		FD6DDA7C1E0A84D000781B25 /* DubizzleTestTests.m */ = {isa = PBXFileReference; lastKnownFileType = sourcecode.c.objc; path = DubizzleTestTests.m; sourceTree = "<group>"; };
		FD6DDA7E1E0A84D000781B25 /* Info.plist */ = {isa = PBXFileReference; lastKnownFileType = text.plist.xml; path = Info.plist; sourceTree = "<group>"; };
		FD6DDA831E0A84D000781B25 /* DubizzleTestUITests.xctest */ = {isa = PBXFileReference; explicitFileType = wrapper.cfbundle; includeInIndex = 0; path = DubizzleTestUITests.xctest; sourceTree = BUILT_PRODUCTS_DIR; };
		FD6DDA871E0A84D000781B25 /* DubizzleTestUITests.m */ = {isa = PBXFileReference; lastKnownFileType = sourcecode.c.objc; path = DubizzleTestUITests.m; sourceTree = "<group>"; };
		FD6DDA891E0A84D000781B25 /* Info.plist */ = {isa = PBXFileReference; lastKnownFileType = text.plist.xml; path = Info.plist; sourceTree = "<group>"; };
		FD6DDA981E0A88E200781B25 /* MovieListTVC.h */ = {isa = PBXFileReference; fileEncoding = 4; lastKnownFileType = sourcecode.c.h; path = MovieListTVC.h; sourceTree = "<group>"; };
		FD6DDA991E0A88E200781B25 /* MovieListTVC.m */ = {isa = PBXFileReference; fileEncoding = 4; lastKnownFileType = sourcecode.c.objc; path = MovieListTVC.m; sourceTree = "<group>"; };
		FD6DDA9B1E0A8C6A00781B25 /* MovieListManager.h */ = {isa = PBXFileReference; fileEncoding = 4; lastKnownFileType = sourcecode.c.h; path = MovieListManager.h; sourceTree = "<group>"; };
		FD6DDA9C1E0A8C6A00781B25 /* MovieListManager.m */ = {isa = PBXFileReference; fileEncoding = 4; lastKnownFileType = sourcecode.c.objc; path = MovieListManager.m; sourceTree = "<group>"; };
/* End PBXFileReference section */

/* Begin PBXFrameworksBuildPhase section */
		FD6DDA591E0A84CF00781B25 /* Frameworks */ = {
			isa = PBXFrameworksBuildPhase;
			buildActionMask = 2147483647;
			files = (
			);
			runOnlyForDeploymentPostprocessing = 0;
		};
		FD6DDA751E0A84D000781B25 /* Frameworks */ = {
			isa = PBXFrameworksBuildPhase;
			buildActionMask = 2147483647;
			files = (
			);
			runOnlyForDeploymentPostprocessing = 0;
		};
		FD6DDA801E0A84D000781B25 /* Frameworks */ = {
			isa = PBXFrameworksBuildPhase;
			buildActionMask = 2147483647;
			files = (
			);
			runOnlyForDeploymentPostprocessing = 0;
		};
/* End PBXFrameworksBuildPhase section */

/* Begin PBXGroup section */
		FD6DDA531E0A84CF00781B25 = {
			isa = PBXGroup;
			children = (
				FD6DDA5E1E0A84CF00781B25 /* DubizzleTest */,
				FD6DDA7B1E0A84D000781B25 /* DubizzleTestTests */,
				FD6DDA861E0A84D000781B25 /* DubizzleTestUITests */,
				FD6DDA5D1E0A84CF00781B25 /* Products */,
			);
			sourceTree = "<group>";
		};
		FD6DDA5D1E0A84CF00781B25 /* Products */ = {
			isa = PBXGroup;
			children = (
				FD6DDA5C1E0A84CF00781B25 /* DubizzleTest.app */,
				FD6DDA781E0A84D000781B25 /* DubizzleTestTests.xctest */,
				FD6DDA831E0A84D000781B25 /* DubizzleTestUITests.xctest */,
			);
			name = Products;
			sourceTree = "<group>";
		};
		FD6DDA5E1E0A84CF00781B25 /* DubizzleTest */ = {
			isa = PBXGroup;
			children = (
				FD6DDA621E0A84CF00781B25 /* AppDelegate.h */,
				FD6DDA631E0A84CF00781B25 /* AppDelegate.m */,
				FD6DDA651E0A84CF00781B25 /* MasterViewController.h */,
				FD6DDA661E0A84CF00781B25 /* MasterViewController.m */,
				FD6DDA681E0A84CF00781B25 /* DetailViewController.h */,
				FD6DDA691E0A84CF00781B25 /* DetailViewController.m */,
				FD6DDA9B1E0A8C6A00781B25 /* MovieListManager.h */,
				FD6DDA9C1E0A8C6A00781B25 /* MovieListManager.m */,
				FD6DDA981E0A88E200781B25 /* MovieListTVC.h */,
				FD6DDA991E0A88E200781B25 /* MovieListTVC.m */,
				FD6DDA6B1E0A84CF00781B25 /* Main.storyboard */,
				FD6DDA6E1E0A84CF00781B25 /* Assets.xcassets */,
				FD6DDA701E0A84CF00781B25 /* LaunchScreen.storyboard */,
				FD6DDA731E0A84CF00781B25 /* Info.plist */,
				FD6DDA5F1E0A84CF00781B25 /* Supporting Files */,
			);
			path = DubizzleTest;
			sourceTree = "<group>";
		};
		FD6DDA5F1E0A84CF00781B25 /* Supporting Files */ = {
			isa = PBXGroup;
			children = (
				FD6DDA601E0A84CF00781B25 /* main.m */,
			);
			name = "Supporting Files";
			sourceTree = "<group>";
		};
		FD6DDA7B1E0A84D000781B25 /* DubizzleTestTests */ = {
			isa = PBXGroup;
			children = (
				FD6DDA7C1E0A84D000781B25 /* DubizzleTestTests.m */,
				FD6DDA7E1E0A84D000781B25 /* Info.plist */,
			);
			path = DubizzleTestTests;
			sourceTree = "<group>";
		};
		FD6DDA861E0A84D000781B25 /* DubizzleTestUITests */ = {
			isa = PBXGroup;
			children = (
				FD6DDA871E0A84D000781B25 /* DubizzleTestUITests.m */,
				FD6DDA891E0A84D000781B25 /* Info.plist */,
			);
			path = DubizzleTestUITests;
			sourceTree = "<group>";
		};
/* End PBXGroup section */

/* Begin PBXNativeTarget section */
		FD6DDA5B1E0A84CF00781B25 /* DubizzleTest */ = {
			isa = PBXNativeTarget;
			buildConfigurationList = FD6DDA8C1E0A84D000781B25 /* Build configuration list for PBXNativeTarget "DubizzleTest" */;
			buildPhases = (
				FD6DDA581E0A84CF00781B25 /* Sources */,
				FD6DDA591E0A84CF00781B25 /* Frameworks */,
				FD6DDA5A1E0A84CF00781B25 /* Resources */,
			);
			buildRules = (
			);
			dependencies = (
			);
			name = DubizzleTest;
			productName = DubizzleTest;
			productReference = FD6DDA5C1E0A84CF00781B25 /* DubizzleTest.app */;
			productType = "com.apple.product-type.application";
		};
		FD6DDA771E0A84D000781B25 /* DubizzleTestTests */ = {
			isa = PBXNativeTarget;
			buildConfigurationList = FD6DDA8F1E0A84D000781B25 /* Build configuration list for PBXNativeTarget "DubizzleTestTests" */;
			buildPhases = (
				FD6DDA741E0A84D000781B25 /* Sources */,
				FD6DDA751E0A84D000781B25 /* Frameworks */,
				FD6DDA761E0A84D000781B25 /* Resources */,
			);
			buildRules = (
			);
			dependencies = (
				FD6DDA7A1E0A84D000781B25 /* PBXTargetDependency */,
			);
			name = DubizzleTestTests;
			productName = DubizzleTestTests;
			productReference = FD6DDA781E0A84D000781B25 /* DubizzleTestTests.xctest */;
			productType = "com.apple.product-type.bundle.unit-test";
		};
		FD6DDA821E0A84D000781B25 /* DubizzleTestUITests */ = {
			isa = PBXNativeTarget;
			buildConfigurationList = FD6DDA921E0A84D000781B25 /* Build configuration list for PBXNativeTarget "DubizzleTestUITests" */;
			buildPhases = (
				FD6DDA7F1E0A84D000781B25 /* Sources */,
				FD6DDA801E0A84D000781B25 /* Frameworks */,
				FD6DDA811E0A84D000781B25 /* Resources */,
			);
			buildRules = (
			);
			dependencies = (
				FD6DDA851E0A84D000781B25 /* PBXTargetDependency */,
			);
			name = DubizzleTestUITests;
			productName = DubizzleTestUITests;
			productReference = FD6DDA831E0A84D000781B25 /* DubizzleTestUITests.xctest */;
			productType = "com.apple.product-type.bundle.ui-testing";
		};
/* End PBXNativeTarget section */

/* Begin PBXProject section */
		FD6DDA541E0A84CF00781B25 /* Project object */ = {
			isa = PBXProject;
			attributes = {
				LastUpgradeCheck = 0730;
				TargetAttributes = {
					FD6DDA5B1E0A84CF00781B25 = {
						CreatedOnToolsVersion = 7.3;
					};
					FD6DDA771E0A84D000781B25 = {
						CreatedOnToolsVersion = 7.3;
						TestTargetID = FD6DDA5B1E0A84CF00781B25;
					};
					FD6DDA821E0A84D000781B25 = {
						CreatedOnToolsVersion = 7.3;
						TestTargetID = FD6DDA5B1E0A84CF00781B25;
					};
				};
			};
			buildConfigurationList = FD6DDA571E0A84CF00781B25 /* Build configuration list for PBXProject "DubizzleTest" */;
			compatibilityVersion = "Xcode 3.2";
			developmentRegion = English;
			hasScannedForEncodings = 0;
			knownRegions = (
				en,
				Base,
			);
			mainGroup = FD6DDA531E0A84CF00781B25;
			productRefGroup = FD6DDA5D1E0A84CF00781B25 /* Products */;
			projectDirPath = "";
			projectRoot = "";
			targets = (
				FD6DDA5B1E0A84CF00781B25 /* DubizzleTest */,
				FD6DDA771E0A84D000781B25 /* DubizzleTestTests */,
				FD6DDA821E0A84D000781B25 /* DubizzleTestUITests */,
			);
		};
/* End PBXProject section */

/* Begin PBXResourcesBuildPhase section */
		FD6DDA5A1E0A84CF00781B25 /* Resources */ = {
			isa = PBXResourcesBuildPhase;
			buildActionMask = 2147483647;
			files = (
				FD6DDA721E0A84CF00781B25 /* LaunchScreen.storyboard in Resources */,
				FD6DDA6F1E0A84CF00781B25 /* Assets.xcassets in Resources */,
				FD6DDA6D1E0A84CF00781B25 /* Main.storyboard in Resources */,
			);
			runOnlyForDeploymentPostprocessing = 0;
		};
		FD6DDA761E0A84D000781B25 /* Resources */ = {
			isa = PBXResourcesBuildPhase;
			buildActionMask = 2147483647;
			files = (
			);
			runOnlyForDeploymentPostprocessing = 0;
		};
		FD6DDA811E0A84D000781B25 /* Resources */ = {
			isa = PBXResourcesBuildPhase;
			buildActionMask = 2147483647;
			files = (
			);
			runOnlyForDeploymentPostprocessing = 0;
		};
/* End PBXResourcesBuildPhase section */

/* Begin PBXSourcesBuildPhase section */
		FD6DDA581E0A84CF00781B25 /* Sources */ = {
			isa = PBXSourcesBuildPhase;
			buildActionMask = 2147483647;
			files = (
				FD6DDA641E0A84CF00781B25 /* AppDelegate.m in Sources */,
				FD6DDA9A1E0A88E200781B25 /* MovieListTVC.m in Sources */,
				FD6DDA671E0A84CF00781B25 /* MasterViewController.m in Sources */,
				FD6DDA611E0A84CF00781B25 /* main.m in Sources */,
				FD6DDA9D1E0A8C6A00781B25 /* MovieListManager.m in Sources */,
				FD6DDA6A1E0A84CF00781B25 /* DetailViewController.m in Sources */,
			);
			runOnlyForDeploymentPostprocessing = 0;
		};
		FD6DDA741E0A84D000781B25 /* Sources */ = {
			isa = PBXSourcesBuildPhase;
			buildActionMask = 2147483647;
			files = (
				FD6DDA7D1E0A84D000781B25 /* DubizzleTestTests.m in Sources */,
			);
			runOnlyForDeploymentPostprocessing = 0;
		};
		FD6DDA7F1E0A84D000781B25 /* Sources */ = {
			isa = PBXSourcesBuildPhase;
			buildActionMask = 2147483647;
			files = (
				FD6DDA881E0A84D000781B25 /* DubizzleTestUITests.m in Sources */,
			);
			runOnlyForDeploymentPostprocessing = 0;
		};
/* End PBXSourcesBuildPhase section */

/* Begin PBXTargetDependency section */
		FD6DDA7A1E0A84D000781B25 /* PBXTargetDependency */ = {
			isa = PBXTargetDependency;
			target = FD6DDA5B1E0A84CF00781B25 /* DubizzleTest */;
			targetProxy = FD6DDA791E0A84D000781B25 /* PBXContainerItemProxy */;
		};
		FD6DDA851E0A84D000781B25 /* PBXTargetDependency */ = {
			isa = PBXTargetDependency;
			target = FD6DDA5B1E0A84CF00781B25 /* DubizzleTest */;
			targetProxy = FD6DDA841E0A84D000781B25 /* PBXContainerItemProxy */;
		};
/* End PBXTargetDependency section */

/* Begin PBXVariantGroup section */
		FD6DDA6B1E0A84CF00781B25 /* Main.storyboard */ = {
			isa = PBXVariantGroup;
			children = (
				FD6DDA6C1E0A84CF00781B25 /* Base */,
			);
			name = Main.storyboard;
			sourceTree = "<group>";
		};
		FD6DDA701E0A84CF00781B25 /* LaunchScreen.storyboard */ = {
			isa = PBXVariantGroup;
			children = (
				FD6DDA711E0A84CF00781B25 /* Base */,
			);
			name = LaunchScreen.storyboard;
			sourceTree = "<group>";
		};
/* End PBXVariantGroup section */

/* Begin XCBuildConfiguration section */
		FD6DDA8A1E0A84D000781B25 /* Debug */ = {
			isa = XCBuildConfiguration;
			buildSettings = {
				ALWAYS_SEARCH_USER_PATHS = NO;
				CLANG_ANALYZER_NONNULL = YES;
				CLANG_CXX_LANGUAGE_STANDARD = "gnu++0x";
				CLANG_CXX_LIBRARY = "libc++";
				CLANG_ENABLE_MODULES = YES;
				CLANG_ENABLE_OBJC_ARC = YES;
				CLANG_WARN_BOOL_CONVERSION = YES;
				CLANG_WARN_CONSTANT_CONVERSION = YES;
				CLANG_WARN_DIRECT_OBJC_ISA_USAGE = YES_ERROR;
				CLANG_WARN_EMPTY_BODY = YES;
				CLANG_WARN_ENUM_CONVERSION = YES;
				CLANG_WARN_INT_CONVERSION = YES;
				CLANG_WARN_OBJC_ROOT_CLASS = YES_ERROR;
				CLANG_WARN_UNREACHABLE_CODE = YES;
				CLANG_WARN__DUPLICATE_METHOD_MATCH = YES;
				"CODE_SIGN_IDENTITY[sdk=iphoneos*]" = "iPhone Developer";
				COPY_PHASE_STRIP = NO;
				DEBUG_INFORMATION_FORMAT = dwarf;
				ENABLE_STRICT_OBJC_MSGSEND = YES;
				ENABLE_TESTABILITY = YES;
				GCC_C_LANGUAGE_STANDARD = gnu99;
				GCC_DYNAMIC_NO_PIC = NO;
				GCC_NO_COMMON_BLOCKS = YES;
				GCC_OPTIMIZATION_LEVEL = 0;
				GCC_PREPROCESSOR_DEFINITIONS = (
					"DEBUG=1",
					"$(inherited)",
				);
				GCC_WARN_64_TO_32_BIT_CONVERSION = YES;
				GCC_WARN_ABOUT_RETURN_TYPE = YES_ERROR;
				GCC_WARN_UNDECLARED_SELECTOR = YES;
				GCC_WARN_UNINITIALIZED_AUTOS = YES_AGGRESSIVE;
				GCC_WARN_UNUSED_FUNCTION = YES;
				GCC_WARN_UNUSED_VARIABLE = YES;
				IPHONEOS_DEPLOYMENT_TARGET = 9.3;
				MTL_ENABLE_DEBUG_INFO = YES;
				ONLY_ACTIVE_ARCH = YES;
				SDKROOT = iphoneos;
			};
			name = Debug;
		};
		FD6DDA8B1E0A84D000781B25 /* Release */ = {
			isa = XCBuildConfiguration;
			buildSettings = {
				ALWAYS_SEARCH_USER_PATHS = NO;
				CLANG_ANALYZER_NONNULL = YES;
				CLANG_CXX_LANGUAGE_STANDARD = "gnu++0x";
				CLANG_CXX_LIBRARY = "libc++";
				CLANG_ENABLE_MODULES = YES;
				CLANG_ENABLE_OBJC_ARC = YES;
				CLANG_WARN_BOOL_CONVERSION = YES;
				CLANG_WARN_CONSTANT_CONVERSION = YES;
				CLANG_WARN_DIRECT_OBJC_ISA_USAGE = YES_ERROR;
				CLANG_WARN_EMPTY_BODY = YES;
				CLANG_WARN_ENUM_CONVERSION = YES;
				CLANG_WARN_INT_CONVERSION = YES;
				CLANG_WARN_OBJC_ROOT_CLASS = YES_ERROR;
				CLANG_WARN_UNREACHABLE_CODE = YES;
				CLANG_WARN__DUPLICATE_METHOD_MATCH = YES;
				"CODE_SIGN_IDENTITY[sdk=iphoneos*]" = "iPhone Developer";
				COPY_PHASE_STRIP = NO;
				DEBUG_INFORMATION_FORMAT = "dwarf-with-dsym";
				ENABLE_NS_ASSERTIONS = NO;
				ENABLE_STRICT_OBJC_MSGSEND = YES;
				GCC_C_LANGUAGE_STANDARD = gnu99;
				GCC_NO_COMMON_BLOCKS = YES;
				GCC_WARN_64_TO_32_BIT_CONVERSION = YES;
				GCC_WARN_ABOUT_RETURN_TYPE = YES_ERROR;
				GCC_WARN_UNDECLARED_SELECTOR = YES;
				GCC_WARN_UNINITIALIZED_AUTOS = YES_AGGRESSIVE;
				GCC_WARN_UNUSED_FUNCTION = YES;
				GCC_WARN_UNUSED_VARIABLE = YES;
				IPHONEOS_DEPLOYMENT_TARGET = 9.3;
				MTL_ENABLE_DEBUG_INFO = NO;
				SDKROOT = iphoneos;
				VALIDATE_PRODUCT = YES;
			};
			name = Release;
		};
		FD6DDA8D1E0A84D000781B25 /* Debug */ = {
			isa = XCBuildConfiguration;
			buildSettings = {
				ASSETCATALOG_COMPILER_APPICON_NAME = AppIcon;
				INFOPLIST_FILE = DubizzleTest/Info.plist;
				LD_RUNPATH_SEARCH_PATHS = "$(inherited) @executable_path/Frameworks";
				PRODUCT_BUNDLE_IDENTIFIER = dubizzle.DubizzleTest;
				PRODUCT_NAME = "$(TARGET_NAME)";
			};
			name = Debug;
		};
		FD6DDA8E1E0A84D000781B25 /* Release */ = {
			isa = XCBuildConfiguration;
			buildSettings = {
				ASSETCATALOG_COMPILER_APPICON_NAME = AppIcon;
				INFOPLIST_FILE = DubizzleTest/Info.plist;
				LD_RUNPATH_SEARCH_PATHS = "$(inherited) @executable_path/Frameworks";
				PRODUCT_BUNDLE_IDENTIFIER = dubizzle.DubizzleTest;
				PRODUCT_NAME = "$(TARGET_NAME)";
			};
			name = Release;
		};
		FD6DDA901E0A84D000781B25 /* Debug */ = {
			isa = XCBuildConfiguration;
			buildSettings = {
				BUNDLE_LOADER = "$(TEST_HOST)";
				INFOPLIST_FILE = DubizzleTestTests/Info.plist;
				LD_RUNPATH_SEARCH_PATHS = "$(inherited) @executable_path/Frameworks @loader_path/Frameworks";
				PRODUCT_BUNDLE_IDENTIFIER = dubizzle.DubizzleTestTests;
				PRODUCT_NAME = "$(TARGET_NAME)";
				TEST_HOST = "$(BUILT_PRODUCTS_DIR)/DubizzleTest.app/DubizzleTest";
			};
			name = Debug;
		};
		FD6DDA911E0A84D000781B25 /* Release */ = {
			isa = XCBuildConfiguration;
			buildSettings = {
				BUNDLE_LOADER = "$(TEST_HOST)";
				INFOPLIST_FILE = DubizzleTestTests/Info.plist;
				LD_RUNPATH_SEARCH_PATHS = "$(inherited) @executable_path/Frameworks @loader_path/Frameworks";
				PRODUCT_BUNDLE_IDENTIFIER = dubizzle.DubizzleTestTests;
				PRODUCT_NAME = "$(TARGET_NAME)";
				TEST_HOST = "$(BUILT_PRODUCTS_DIR)/DubizzleTest.app/DubizzleTest";
			};
			name = Release;
		};
		FD6DDA931E0A84D000781B25 /* Debug */ = {
			isa = XCBuildConfiguration;
			buildSettings = {
				INFOPLIST_FILE = DubizzleTestUITests/Info.plist;
				LD_RUNPATH_SEARCH_PATHS = "$(inherited) @executable_path/Frameworks @loader_path/Frameworks";
				PRODUCT_BUNDLE_IDENTIFIER = dubizzle.DubizzleTestUITests;
				PRODUCT_NAME = "$(TARGET_NAME)";
				TEST_TARGET_NAME = DubizzleTest;
			};
			name = Debug;
		};
		FD6DDA941E0A84D000781B25 /* Release */ = {
			isa = XCBuildConfiguration;
			buildSettings = {
				INFOPLIST_FILE = DubizzleTestUITests/Info.plist;
				LD_RUNPATH_SEARCH_PATHS = "$(inherited) @executable_path/Frameworks @loader_path/Frameworks";
				PRODUCT_BUNDLE_IDENTIFIER = dubizzle.DubizzleTestUITests;
				PRODUCT_NAME = "$(TARGET_NAME)";
				TEST_TARGET_NAME = DubizzleTest;
			};
			name = Release;
		};
/* End XCBuildConfiguration section */

/* Begin XCConfigurationList section */
		FD6DDA571E0A84CF00781B25 /* Build configuration list for PBXProject "DubizzleTest" */ = {
			isa = XCConfigurationList;
			buildConfigurations = (
				FD6DDA8A1E0A84D000781B25 /* Debug */,
				FD6DDA8B1E0A84D000781B25 /* Release */,
			);
			defaultConfigurationIsVisible = 0;
			defaultConfigurationName = Release;
		};
		FD6DDA8C1E0A84D000781B25 /* Build configuration list for PBXNativeTarget "DubizzleTest" */ = {
			isa = XCConfigurationList;
			buildConfigurations = (
				FD6DDA8D1E0A84D000781B25 /* Debug */,
				FD6DDA8E1E0A84D000781B25 /* Release */,
			);
			defaultConfigurationIsVisible = 0;
		};
		FD6DDA8F1E0A84D000781B25 /* Build configuration list for PBXNativeTarget "DubizzleTestTests" */ = {
			isa = XCConfigurationList;
			buildConfigurations = (
				FD6DDA901E0A84D000781B25 /* Debug */,
				FD6DDA911E0A84D000781B25 /* Release */,
			);
			defaultConfigurationIsVisible = 0;
		};
		FD6DDA921E0A84D000781B25 /* Build configuration list for PBXNativeTarget "DubizzleTestUITests" */ = {
			isa = XCConfigurationList;
			buildConfigurations = (
				FD6DDA931E0A84D000781B25 /* Debug */,
				FD6DDA941E0A84D000781B25 /* Release */,
			);
			defaultConfigurationIsVisible = 0;
		};
/* End XCConfigurationList section */
	};
	rootObject = FD6DDA541E0A84CF00781B25 /* Project object */;
}
